
Microsoft Visual Studio Solution File, Format Version 12.00
# Visual Studio Version 17
VisualStudioVersion = 17.5.002.0
MinimumVisualStudioVersion = 10.0.40219.1
Project("{9A19103F-16F7-4668-BE54-9A1E7A4F7556}") = "DTMF_decoder_c_sharp", "DTMF_decoder_c_sharp.csproj", "{4334A55E-A739-42F7-A516-F28393E5F177}"
EndProject
Global
	GlobalSection(SolutionConfigurationPlatforms) = preSolution
		Debug|Any CPU = Debug|Any CPU
		Release|Any CPU = Release|Any CPU
	EndGlobalSection
	GlobalSection(ProjectConfigurationPlatforms) = postSolution
		{4334A55E-A739-42F7-A516-F28393E5F177}.Debug|Any CPU.ActiveCfg = Debug|Any CPU
		{4334A55E-A739-42F7-A516-F28393E5F177}.Debug|Any CPU.Build.0 = Debug|Any CPU
		{4334A55E-A739-42F7-A516-F28393E5F177}.Release|Any CPU.ActiveCfg = Release|Any CPU
		{4334A55E-A739-42F7-A516-F28393E5F177}.Release|Any CPU.Build.0 = Release|Any CPU
	EndGlobalSection
	GlobalSection(SolutionProperties) = preSolution
		HideSolutionNode = FALSE
	EndGlobalSection
	GlobalSection(ExtensibilityGlobals) = postSolution
		SolutionGuid = {8A782B98-2420-4AF4-AD97-A3B6361F381D}
	EndGlobalSection
EndGlobal
